// !$*UTF8*$!
{
	archiveVersion = 1;
	classes = {
	};
	objectVersion = 56;
	objects = {

/* Begin PBXBuildFile section */
		257D1D1F2BD1DF5A00EC71FB /* Article.swift in Sources */ = {isa = PBXBuildFile; fileRef = 257D1D1E2BD1DF5A00EC71FB /* Article.swift */; };
		257D1D212BD1E6A100EC71FB /* Secrets.swift in Sources */ = {isa = PBXBuildFile; fileRef = 257D1D202BD1E6A100EC71FB /* Secrets.swift */; };
		257D1D232BD1E9F400EC71FB /* Enums.swift in Sources */ = {isa = PBXBuildFile; fileRef = 257D1D222BD1E9F400EC71FB /* Enums.swift */; };
		257D1D252BD1EF1100EC71FB /* Response.swift in Sources */ = {isa = PBXBuildFile; fileRef = 257D1D242BD1EF1100EC71FB /* Response.swift */; };
		257D1D272BD1FEC800EC71FB /* NewsItemView.swift in Sources */ = {isa = PBXBuildFile; fileRef = 257D1D262BD1FEC800EC71FB /* NewsItemView.swift */; };
		257D1D292BD2012600EC71FB /* HomeViewModel.swift in Sources */ = {isa = PBXBuildFile; fileRef = 257D1D282BD2012600EC71FB /* HomeViewModel.swift */; };
		257D1D2B2BD416AC00EC71FB /* SafariView.swift in Sources */ = {isa = PBXBuildFile; fileRef = 257D1D2A2BD416AC00EC71FB /* SafariView.swift */; };
		257D1D2D2BD41B7800EC71FB /* NewsOverlayView.swift in Sources */ = {isa = PBXBuildFile; fileRef = 257D1D2C2BD41B7800EC71FB /* NewsOverlayView.swift */; };
		2583E9B82BD0ABDB003D8BB3 /* NewsHubApp.swift in Sources */ = {isa = PBXBuildFile; fileRef = 2583E9B72BD0ABDB003D8BB3 /* NewsHubApp.swift */; };
		2583E9BA2BD0ABDB003D8BB3 /* HomeView.swift in Sources */ = {isa = PBXBuildFile; fileRef = 2583E9B92BD0ABDB003D8BB3 /* HomeView.swift */; };
		2583E9BC2BD0ABDD003D8BB3 /* Assets.xcassets in Resources */ = {isa = PBXBuildFile; fileRef = 2583E9BB2BD0ABDD003D8BB3 /* Assets.xcassets */; };
		2583E9BF2BD0ABDD003D8BB3 /* Preview Assets.xcassets in Resources */ = {isa = PBXBuildFile; fileRef = 2583E9BE2BD0ABDD003D8BB3 /* Preview Assets.xcassets */; };
		2583E9C92BD0ABDD003D8BB3 /* NewsHubTests.swift in Sources */ = {isa = PBXBuildFile; fileRef = 2583E9C82BD0ABDD003D8BB3 /* NewsHubTests.swift */; };
		2583E9D32BD0ABDD003D8BB3 /* NewsHubUITests.swift in Sources */ = {isa = PBXBuildFile; fileRef = 2583E9D22BD0ABDD003D8BB3 /* NewsHubUITests.swift */; };
		2583E9D52BD0ABDD003D8BB3 /* NewsHubUITestsLaunchTests.swift in Sources */ = {isa = PBXBuildFile; fileRef = 2583E9D42BD0ABDD003D8BB3 /* NewsHubUITestsLaunchTests.swift */; };
		2583E9E62BD0ADBB003D8BB3 /* NewsApiService.swift in Sources */ = {isa = PBXBuildFile; fileRef = 2583E9E52BD0ADBB003D8BB3 /* NewsApiService.swift */; };
		2583E9E82BD0AF74003D8BB3 /* Source.swift in Sources */ = {isa = PBXBuildFile; fileRef = 2583E9E72BD0AF74003D8BB3 /* Source.swift */; };
/* End PBXBuildFile section */

/* Begin PBXContainerItemProxy section */
		2583E9C52BD0ABDD003D8BB3 /* PBXContainerItemProxy */ = {
			isa = PBXContainerItemProxy;
			containerPortal = 2583E9AC2BD0ABDB003D8BB3 /* Project object */;
			proxyType = 1;
			remoteGlobalIDString = 2583E9B32BD0ABDB003D8BB3;
			remoteInfo = NewsHub;
		};
		2583E9CF2BD0ABDD003D8BB3 /* PBXContainerItemProxy */ = {
			isa = PBXContainerItemProxy;
			containerPortal = 2583E9AC2BD0ABDB003D8BB3 /* Project object */;
			proxyType = 1;
			remoteGlobalIDString = 2583E9B32BD0ABDB003D8BB3;
			remoteInfo = NewsHub;
		};
/* End PBXContainerItemProxy section */

/* Begin PBXFileReference section */
		257D1D1E2BD1DF5A00EC71FB /* Article.swift */ = {isa = PBXFileReference; lastKnownFileType = sourcecode.swift; path = Article.swift; sourceTree = "<group>"; };
		257D1D202BD1E6A100EC71FB /* Secrets.swift */ = {isa = PBXFileReference; lastKnownFileType = sourcecode.swift; path = Secrets.swift; sourceTree = "<group>"; };
		257D1D222BD1E9F400EC71FB /* Enums.swift */ = {isa = PBXFileReference; lastKnownFileType = sourcecode.swift; path = Enums.swift; sourceTree = "<group>"; };
		257D1D242BD1EF1100EC71FB /* Response.swift */ = {isa = PBXFileReference; lastKnownFileType = sourcecode.swift; path = Response.swift; sourceTree = "<group>"; };
		257D1D262BD1FEC800EC71FB /* NewsItemView.swift */ = {isa = PBXFileReference; lastKnownFileType = sourcecode.swift; path = NewsItemView.swift; sourceTree = "<group>"; };
		257D1D282BD2012600EC71FB /* HomeViewModel.swift */ = {isa = PBXFileReference; lastKnownFileType = sourcecode.swift; path = HomeViewModel.swift; sourceTree = "<group>"; };
		257D1D2A2BD416AC00EC71FB /* SafariView.swift */ = {isa = PBXFileReference; lastKnownFileType = sourcecode.swift; path = SafariView.swift; sourceTree = "<group>"; };
		257D1D2C2BD41B7800EC71FB /* NewsOverlayView.swift */ = {isa = PBXFileReference; lastKnownFileType = sourcecode.swift; path = NewsOverlayView.swift; sourceTree = "<group>"; };
		2583E9B42BD0ABDB003D8BB3 /* NewsHub.app */ = {isa = PBXFileReference; explicitFileType = wrapper.application; includeInIndex = 0; path = NewsHub.app; sourceTree = BUILT_PRODUCTS_DIR; };
		2583E9B72BD0ABDB003D8BB3 /* NewsHubApp.swift */ = {isa = PBXFileReference; lastKnownFileType = sourcecode.swift; path = NewsHubApp.swift; sourceTree = "<group>"; };
		2583E9B92BD0ABDB003D8BB3 /* HomeView.swift */ = {isa = PBXFileReference; lastKnownFileType = sourcecode.swift; path = HomeView.swift; sourceTree = "<group>"; };
		2583E9BB2BD0ABDD003D8BB3 /* Assets.xcassets */ = {isa = PBXFileReference; lastKnownFileType = folder.assetcatalog; path = Assets.xcassets; sourceTree = "<group>"; };
		2583E9BE2BD0ABDD003D8BB3 /* Preview Assets.xcassets */ = {isa = PBXFileReference; lastKnownFileType = folder.assetcatalog; path = "Preview Assets.xcassets"; sourceTree = "<group>"; };
		2583E9C42BD0ABDD003D8BB3 /* NewsHubTests.xctest */ = {isa = PBXFileReference; explicitFileType = wrapper.cfbundle; includeInIndex = 0; path = NewsHubTests.xctest; sourceTree = BUILT_PRODUCTS_DIR; };
		2583E9C82BD0ABDD003D8BB3 /* NewsHubTests.swift */ = {isa = PBXFileReference; lastKnownFileType = sourcecode.swift; path = NewsHubTests.swift; sourceTree = "<group>"; };
		2583E9CE2BD0ABDD003D8BB3 /* NewsHubUITests.xctest */ = {isa = PBXFileReference; explicitFileType = wrapper.cfbundle; includeInIndex = 0; path = NewsHubUITests.xctest; sourceTree = BUILT_PRODUCTS_DIR; };
		2583E9D22BD0ABDD003D8BB3 /* NewsHubUITests.swift */ = {isa = PBXFileReference; lastKnownFileType = sourcecode.swift; path = NewsHubUITests.swift; sourceTree = "<group>"; };
		2583E9D42BD0ABDD003D8BB3 /* NewsHubUITestsLaunchTests.swift */ = {isa = PBXFileReference; lastKnownFileType = sourcecode.swift; path = NewsHubUITestsLaunchTests.swift; sourceTree = "<group>"; };
		2583E9E52BD0ADBB003D8BB3 /* NewsApiService.swift */ = {isa = PBXFileReference; lastKnownFileType = sourcecode.swift; path = NewsApiService.swift; sourceTree = "<group>"; };
		2583E9E72BD0AF74003D8BB3 /* Source.swift */ = {isa = PBXFileReference; lastKnownFileType = sourcecode.swift; path = Source.swift; sourceTree = "<group>"; };
/* End PBXFileReference section */

/* Begin PBXFrameworksBuildPhase section */
		2583E9B12BD0ABDB003D8BB3 /* Frameworks */ = {
			isa = PBXFrameworksBuildPhase;
			buildActionMask = 2147483647;
			files = (
			);
			runOnlyForDeploymentPostprocessing = 0;
		};
		2583E9C12BD0ABDD003D8BB3 /* Frameworks */ = {
			isa = PBXFrameworksBuildPhase;
			buildActionMask = 2147483647;
			files = (
			);
			runOnlyForDeploymentPostprocessing = 0;
		};
		2583E9CB2BD0ABDD003D8BB3 /* Frameworks */ = {
			isa = PBXFrameworksBuildPhase;
			buildActionMask = 2147483647;
			files = (
			);
			runOnlyForDeploymentPostprocessing = 0;
		};
/* End PBXFrameworksBuildPhase section */

/* Begin PBXGroup section */
		2583E9AB2BD0ABDB003D8BB3 = {
			isa = PBXGroup;
			children = (
				257D1D202BD1E6A100EC71FB /* Secrets.swift */,
				2583E9B62BD0ABDB003D8BB3 /* NewsHub */,
				2583E9C72BD0ABDD003D8BB3 /* NewsHubTests */,
				2583E9D12BD0ABDD003D8BB3 /* NewsHubUITests */,
				2583E9B52BD0ABDB003D8BB3 /* Products */,
			);
			sourceTree = "<group>";
		};
		2583E9B52BD0ABDB003D8BB3 /* Products */ = {
			isa = PBXGroup;
			children = (
				2583E9B42BD0ABDB003D8BB3 /* NewsHub.app */,
				2583E9C42BD0ABDD003D8BB3 /* NewsHubTests.xctest */,
				2583E9CE2BD0ABDD003D8BB3 /* NewsHubUITests.xctest */,
			);
			name = Products;
			sourceTree = "<group>";
		};
		2583E9B62BD0ABDB003D8BB3 /* NewsHub */ = {
			isa = PBXGroup;
			children = (
				2583E9E32BD0ACCC003D8BB3 /* ViewModel */,
				2583E9E22BD0ACC4003D8BB3 /* View */,
				2583E9E12BD0ACBA003D8BB3 /* Model */,
				2583E9B72BD0ABDB003D8BB3 /* NewsHubApp.swift */,
				2583E9BB2BD0ABDD003D8BB3 /* Assets.xcassets */,
				2583E9BD2BD0ABDD003D8BB3 /* Preview Content */,
			);
			path = NewsHub;
			sourceTree = "<group>";
		};
		2583E9BD2BD0ABDD003D8BB3 /* Preview Content */ = {
			isa = PBXGroup;
			children = (
				2583E9BE2BD0ABDD003D8BB3 /* Preview Assets.xcassets */,
			);
			path = "Preview Content";
			sourceTree = "<group>";
		};
		2583E9C72BD0ABDD003D8BB3 /* NewsHubTests */ = {
			isa = PBXGroup;
			children = (
				2583E9C82BD0ABDD003D8BB3 /* NewsHubTests.swift */,
			);
			path = NewsHubTests;
			sourceTree = "<group>";
		};
		2583E9D12BD0ABDD003D8BB3 /* NewsHubUITests */ = {
			isa = PBXGroup;
			children = (
				2583E9D22BD0ABDD003D8BB3 /* NewsHubUITests.swift */,
				2583E9D42BD0ABDD003D8BB3 /* NewsHubUITestsLaunchTests.swift */,
			);
			path = NewsHubUITests;
			sourceTree = "<group>";
		};
		2583E9E12BD0ACBA003D8BB3 /* Model */ = {
			isa = PBXGroup;
			children = (
				2583E9E72BD0AF74003D8BB3 /* Source.swift */,
				257D1D1E2BD1DF5A00EC71FB /* Article.swift */,
				257D1D222BD1E9F400EC71FB /* Enums.swift */,
				257D1D242BD1EF1100EC71FB /* Response.swift */,
			);
			path = Model;
			sourceTree = "<group>";
		};
		2583E9E22BD0ACC4003D8BB3 /* View */ = {
			isa = PBXGroup;
			children = (
				2583E9B92BD0ABDB003D8BB3 /* HomeView.swift */,
				257D1D262BD1FEC800EC71FB /* NewsItemView.swift */,
				257D1D2A2BD416AC00EC71FB /* SafariView.swift */,
				257D1D2C2BD41B7800EC71FB /* NewsOverlayView.swift */,
			);
			path = View;
			sourceTree = "<group>";
		};
		2583E9E32BD0ACCC003D8BB3 /* ViewModel */ = {
			isa = PBXGroup;
			children = (
				2583E9E42BD0AD37003D8BB3 /* Service */,
				257D1D282BD2012600EC71FB /* HomeViewModel.swift */,
			);
			path = ViewModel;
			sourceTree = "<group>";
		};
		2583E9E42BD0AD37003D8BB3 /* Service */ = {
			isa = PBXGroup;
			children = (
				2583E9E52BD0ADBB003D8BB3 /* NewsApiService.swift */,
			);
			path = Service;
			sourceTree = "<group>";
		};
/* End PBXGroup section */

/* Begin PBXNativeTarget section */
		2583E9B32BD0ABDB003D8BB3 /* NewsHub */ = {
			isa = PBXNativeTarget;
			buildConfigurationList = 2583E9D82BD0ABDD003D8BB3 /* Build configuration list for PBXNativeTarget "NewsHub" */;
			buildPhases = (
				2583E9B02BD0ABDB003D8BB3 /* Sources */,
				2583E9B12BD0ABDB003D8BB3 /* Frameworks */,
				2583E9B22BD0ABDB003D8BB3 /* Resources */,
			);
			buildRules = (
			);
			dependencies = (
			);
			name = NewsHub;
			productName = NewsHub;
			productReference = 2583E9B42BD0ABDB003D8BB3 /* NewsHub.app */;
			productType = "com.apple.product-type.application";
		};
		2583E9C32BD0ABDD003D8BB3 /* NewsHubTests */ = {
			isa = PBXNativeTarget;
			buildConfigurationList = 2583E9DB2BD0ABDD003D8BB3 /* Build configuration list for PBXNativeTarget "NewsHubTests" */;
			buildPhases = (
				2583E9C02BD0ABDD003D8BB3 /* Sources */,
				2583E9C12BD0ABDD003D8BB3 /* Frameworks */,
				2583E9C22BD0ABDD003D8BB3 /* Resources */,
			);
			buildRules = (
			);
			dependencies = (
				2583E9C62BD0ABDD003D8BB3 /* PBXTargetDependency */,
			);
			name = NewsHubTests;
			productName = NewsHubTests;
			productReference = 2583E9C42BD0ABDD003D8BB3 /* NewsHubTests.xctest */;
			productType = "com.apple.product-type.bundle.unit-test";
		};
		2583E9CD2BD0ABDD003D8BB3 /* NewsHubUITests */ = {
			isa = PBXNativeTarget;
			buildConfigurationList = 2583E9DE2BD0ABDD003D8BB3 /* Build configuration list for PBXNativeTarget "NewsHubUITests" */;
			buildPhases = (
				2583E9CA2BD0ABDD003D8BB3 /* Sources */,
				2583E9CB2BD0ABDD003D8BB3 /* Frameworks */,
				2583E9CC2BD0ABDD003D8BB3 /* Resources */,
			);
			buildRules = (
			);
			dependencies = (
				2583E9D02BD0ABDD003D8BB3 /* PBXTargetDependency */,
			);
			name = NewsHubUITests;
			productName = NewsHubUITests;
			productReference = 2583E9CE2BD0ABDD003D8BB3 /* NewsHubUITests.xctest */;
			productType = "com.apple.product-type.bundle.ui-testing";
		};
/* End PBXNativeTarget section */

/* Begin PBXProject section */
		2583E9AC2BD0ABDB003D8BB3 /* Project object */ = {
			isa = PBXProject;
			attributes = {
				BuildIndependentTargetsInParallel = 1;
				LastSwiftUpdateCheck = 1530;
				LastUpgradeCheck = 1530;
				TargetAttributes = {
					2583E9B32BD0ABDB003D8BB3 = {
						CreatedOnToolsVersion = 15.3;
					};
					2583E9C32BD0ABDD003D8BB3 = {
						CreatedOnToolsVersion = 15.3;
						TestTargetID = 2583E9B32BD0ABDB003D8BB3;
					};
					2583E9CD2BD0ABDD003D8BB3 = {
						CreatedOnToolsVersion = 15.3;
						TestTargetID = 2583E9B32BD0ABDB003D8BB3;
					};
				};
			};
			buildConfigurationList = 2583E9AF2BD0ABDB003D8BB3 /* Build configuration list for PBXProject "NewsHub" */;
			compatibilityVersion = "Xcode 14.0";
			developmentRegion = en;
			hasScannedForEncodings = 0;
			knownRegions = (
				en,
				Base,
			);
			mainGroup = 2583E9AB2BD0ABDB003D8BB3;
			productRefGroup = 2583E9B52BD0ABDB003D8BB3 /* Products */;
			projectDirPath = "";
			projectRoot = "";
			targets = (
				2583E9B32BD0ABDB003D8BB3 /* NewsHub */,
				2583E9C32BD0ABDD003D8BB3 /* NewsHubTests */,
				2583E9CD2BD0ABDD003D8BB3 /* NewsHubUITests */,
			);
		};
/* End PBXProject section */

/* Begin PBXResourcesBuildPhase section */
		2583E9B22BD0ABDB003D8BB3 /* Resources */ = {
			isa = PBXResourcesBuildPhase;
			buildActionMask = 2147483647;
			files = (
				2583E9BF2BD0ABDD003D8BB3 /* Preview Assets.xcassets in Resources */,
				2583E9BC2BD0ABDD003D8BB3 /* Assets.xcassets in Resources */,
			);
			runOnlyForDeploymentPostprocessing = 0;
		};
		2583E9C22BD0ABDD003D8BB3 /* Resources */ = {
			isa = PBXResourcesBuildPhase;
			buildActionMask = 2147483647;
			files = (
			);
			runOnlyForDeploymentPostprocessing = 0;
		};
		2583E9CC2BD0ABDD003D8BB3 /* Resources */ = {
			isa = PBXResourcesBuildPhase;
			buildActionMask = 2147483647;
			files = (
			);
			runOnlyForDeploymentPostprocessing = 0;
		};
/* End PBXResourcesBuildPhase section */

/* Begin PBXSourcesBuildPhase section */
		2583E9B02BD0ABDB003D8BB3 /* Sources */ = {
			isa = PBXSourcesBuildPhase;
			buildActionMask = 2147483647;
			files = (
				257D1D252BD1EF1100EC71FB /* Response.swift in Sources */,
				257D1D2B2BD416AC00EC71FB /* SafariView.swift in Sources */,
				2583E9E82BD0AF74003D8BB3 /* Source.swift in Sources */,
				257D1D212BD1E6A100EC71FB /* Secrets.swift in Sources */,
				257D1D292BD2012600EC71FB /* HomeViewModel.swift in Sources */,
				2583E9BA2BD0ABDB003D8BB3 /* HomeView.swift in Sources */,
				2583E9B82BD0ABDB003D8BB3 /* NewsHubApp.swift in Sources */,
				257D1D272BD1FEC800EC71FB /* NewsItemView.swift in Sources */,
				2583E9E62BD0ADBB003D8BB3 /* NewsApiService.swift in Sources */,
				257D1D2D2BD41B7800EC71FB /* NewsOverlayView.swift in Sources */,
				257D1D1F2BD1DF5A00EC71FB /* Article.swift in Sources */,
				257D1D232BD1E9F400EC71FB /* Enums.swift in Sources */,
			);
			runOnlyForDeploymentPostprocessing = 0;
		};
		2583E9C02BD0ABDD003D8BB3 /* Sources */ = {
			isa = PBXSourcesBuildPhase;
			buildActionMask = 2147483647;
			files = (
				2583E9C92BD0ABDD003D8BB3 /* NewsHubTests.swift in Sources */,
			);
			runOnlyForDeploymentPostprocessing = 0;
		};
		2583E9CA2BD0ABDD003D8BB3 /* Sources */ = {
			isa = PBXSourcesBuildPhase;
			buildActionMask = 2147483647;
			files = (
				2583E9D32BD0ABDD003D8BB3 /* NewsHubUITests.swift in Sources */,
				2583E9D52BD0ABDD003D8BB3 /* NewsHubUITestsLaunchTests.swift in Sources */,
			);
			runOnlyForDeploymentPostprocessing = 0;
		};
/* End PBXSourcesBuildPhase section */

/* Begin PBXTargetDependency section */
		2583E9C62BD0ABDD003D8BB3 /* PBXTargetDependency */ = {
			isa = PBXTargetDependency;
			target = 2583E9B32BD0ABDB003D8BB3 /* NewsHub */;
			targetProxy = 2583E9C52BD0ABDD003D8BB3 /* PBXContainerItemProxy */;
		};
		2583E9D02BD0ABDD003D8BB3 /* PBXTargetDependency */ = {
			isa = PBXTargetDependency;
			target = 2583E9B32BD0ABDB003D8BB3 /* NewsHub */;
			targetProxy = 2583E9CF2BD0ABDD003D8BB3 /* PBXContainerItemProxy */;
		};
/* End PBXTargetDependency section */

/* Begin XCBuildConfiguration section */
		2583E9D62BD0ABDD003D8BB3 /* Debug */ = {
			isa = XCBuildConfiguration;
			buildSettings = {
				ALWAYS_SEARCH_USER_PATHS = NO;
				ASSETCATALOG_COMPILER_GENERATE_SWIFT_ASSET_SYMBOL_EXTENSIONS = YES;
				CLANG_ANALYZER_NONNULL = YES;
				CLANG_ANALYZER_NUMBER_OBJECT_CONVERSION = YES_AGGRESSIVE;
				CLANG_CXX_LANGUAGE_STANDARD = "gnu++20";
				CLANG_ENABLE_MODULES = YES;
				CLANG_ENABLE_OBJC_ARC = YES;
				CLANG_ENABLE_OBJC_WEAK = YES;
				CLANG_WARN_BLOCK_CAPTURE_AUTORELEASING = YES;
				CLANG_WARN_BOOL_CONVERSION = YES;
				CLANG_WARN_COMMA = YES;
				CLANG_WARN_CONSTANT_CONVERSION = YES;
				CLANG_WARN_DEPRECATED_OBJC_IMPLEMENTATIONS = YES;
				CLANG_WARN_DIRECT_OBJC_ISA_USAGE = YES_ERROR;
				CLANG_WARN_DOCUMENTATION_COMMENTS = YES;
				CLANG_WARN_EMPTY_BODY = YES;
				CLANG_WARN_ENUM_CONVERSION = YES;
				CLANG_WARN_INFINITE_RECURSION = YES;
				CLANG_WARN_INT_CONVERSION = YES;
				CLANG_WARN_NON_LITERAL_NULL_CONVERSION = YES;
				CLANG_WARN_OBJC_IMPLICIT_RETAIN_SELF = YES;
				CLANG_WARN_OBJC_LITERAL_CONVERSION = YES;
				CLANG_WARN_OBJC_ROOT_CLASS = YES_ERROR;
				CLANG_WARN_QUOTED_INCLUDE_IN_FRAMEWORK_HEADER = YES;
				CLANG_WARN_RANGE_LOOP_ANALYSIS = YES;
				CLANG_WARN_STRICT_PROTOTYPES = YES;
				CLANG_WARN_SUSPICIOUS_MOVE = YES;
				CLANG_WARN_UNGUARDED_AVAILABILITY = YES_AGGRESSIVE;
				CLANG_WARN_UNREACHABLE_CODE = YES;
				CLANG_WARN__DUPLICATE_METHOD_MATCH = YES;
				COPY_PHASE_STRIP = NO;
				DEBUG_INFORMATION_FORMAT = dwarf;
				ENABLE_STRICT_OBJC_MSGSEND = YES;
				ENABLE_TESTABILITY = YES;
				ENABLE_USER_SCRIPT_SANDBOXING = YES;
				GCC_C_LANGUAGE_STANDARD = gnu17;
				GCC_DYNAMIC_NO_PIC = NO;
				GCC_NO_COMMON_BLOCKS = YES;
				GCC_OPTIMIZATION_LEVEL = 0;
				GCC_PREPROCESSOR_DEFINITIONS = (
					"DEBUG=1",
					"$(inherited)",
				);
				GCC_WARN_64_TO_32_BIT_CONVERSION = YES;
				GCC_WARN_ABOUT_RETURN_TYPE = YES_ERROR;
				GCC_WARN_UNDECLARED_SELECTOR = YES;
				GCC_WARN_UNINITIALIZED_AUTOS = YES_AGGRESSIVE;
				GCC_WARN_UNUSED_FUNCTION = YES;
				GCC_WARN_UNUSED_VARIABLE = YES;
				IPHONEOS_DEPLOYMENT_TARGET = 17.4;
				LOCALIZATION_PREFERS_STRING_CATALOGS = YES;
				MTL_ENABLE_DEBUG_INFO = INCLUDE_SOURCE;
				MTL_FAST_MATH = YES;
				ONLY_ACTIVE_ARCH = YES;
				SDKROOT = iphoneos;
				SWIFT_ACTIVE_COMPILATION_CONDITIONS = "DEBUG $(inherited)";
				SWIFT_OPTIMIZATION_LEVEL = "-Onone";
			};
			name = Debug;
		};
		2583E9D72BD0ABDD003D8BB3 /* Release */ = {
			isa = XCBuildConfiguration;
			buildSettings = {
				ALWAYS_SEARCH_USER_PATHS = NO;
				ASSETCATALOG_COMPILER_GENERATE_SWIFT_ASSET_SYMBOL_EXTENSIONS = YES;
				CLANG_ANALYZER_NONNULL = YES;
				CLANG_ANALYZER_NUMBER_OBJECT_CONVERSION = YES_AGGRESSIVE;
				CLANG_CXX_LANGUAGE_STANDARD = "gnu++20";
				CLANG_ENABLE_MODULES = YES;
				CLANG_ENABLE_OBJC_ARC = YES;
				CLANG_ENABLE_OBJC_WEAK = YES;
				CLANG_WARN_BLOCK_CAPTURE_AUTORELEASING = YES;
				CLANG_WARN_BOOL_CONVERSION = YES;
				CLANG_WARN_COMMA = YES;
				CLANG_WARN_CONSTANT_CONVERSION = YES;
				CLANG_WARN_DEPRECATED_OBJC_IMPLEMENTATIONS = YES;
				CLANG_WARN_DIRECT_OBJC_ISA_USAGE = YES_ERROR;
				CLANG_WARN_DOCUMENTATION_COMMENTS = YES;
				CLANG_WARN_EMPTY_BODY = YES;
				CLANG_WARN_ENUM_CONVERSION = YES;
				CLANG_WARN_INFINITE_RECURSION = YES;
				CLANG_WARN_INT_CONVERSION = YES;
				CLANG_WARN_NON_LITERAL_NULL_CONVERSION = YES;
				CLANG_WARN_OBJC_IMPLICIT_RETAIN_SELF = YES;
				CLANG_WARN_OBJC_LITERAL_CONVERSION = YES;
				CLANG_WARN_OBJC_ROOT_CLASS = YES_ERROR;
				CLANG_WARN_QUOTED_INCLUDE_IN_FRAMEWORK_HEADER = YES;
				CLANG_WARN_RANGE_LOOP_ANALYSIS = YES;
				CLANG_WARN_STRICT_PROTOTYPES = YES;
				CLANG_WARN_SUSPICIOUS_MOVE = YES;
				CLANG_WARN_UNGUARDED_AVAILABILITY = YES_AGGRESSIVE;
				CLANG_WARN_UNREACHABLE_CODE = YES;
				CLANG_WARN__DUPLICATE_METHOD_MATCH = YES;
				COPY_PHASE_STRIP = NO;
				DEBUG_INFORMATION_FORMAT = "dwarf-with-dsym";
				ENABLE_NS_ASSERTIONS = NO;
				ENABLE_STRICT_OBJC_MSGSEND = YES;
				ENABLE_USER_SCRIPT_SANDBOXING = YES;
				GCC_C_LANGUAGE_STANDARD = gnu17;
				GCC_NO_COMMON_BLOCKS = YES;
				GCC_WARN_64_TO_32_BIT_CONVERSION = YES;
				GCC_WARN_ABOUT_RETURN_TYPE = YES_ERROR;
				GCC_WARN_UNDECLARED_SELECTOR = YES;
				GCC_WARN_UNINITIALIZED_AUTOS = YES_AGGRESSIVE;
				GCC_WARN_UNUSED_FUNCTION = YES;
				GCC_WARN_UNUSED_VARIABLE = YES;
				IPHONEOS_DEPLOYMENT_TARGET = 17.4;
				LOCALIZATION_PREFERS_STRING_CATALOGS = YES;
				MTL_ENABLE_DEBUG_INFO = NO;
				MTL_FAST_MATH = YES;
				SDKROOT = iphoneos;
				SWIFT_COMPILATION_MODE = wholemodule;
				VALIDATE_PRODUCT = YES;
			};
			name = Release;
		};
		2583E9D92BD0ABDD003D8BB3 /* Debug */ = {
			isa = XCBuildConfiguration;
			buildSettings = {
				ASSETCATALOG_COMPILER_APPICON_NAME = AppIcon;
				ASSETCATALOG_COMPILER_GLOBAL_ACCENT_COLOR_NAME = AccentColor;
				CODE_SIGN_STYLE = Automatic;
				CURRENT_PROJECT_VERSION = 1;
				DEVELOPMENT_ASSET_PATHS = "\"NewsHub/Preview Content\"";
				DEVELOPMENT_TEAM = 9HMP4WL327;
				ENABLE_PREVIEWS = YES;
				GENERATE_INFOPLIST_FILE = YES;
				INFOPLIST_KEY_LSApplicationCategoryType = "public.app-category.news";
				INFOPLIST_KEY_UIApplicationSceneManifest_Generation = YES;
				INFOPLIST_KEY_UIApplicationSupportsIndirectInputEvents = YES;
				INFOPLIST_KEY_UILaunchScreen_Generation = YES;
				INFOPLIST_KEY_UISupportedInterfaceOrientations_iPad = "UIInterfaceOrientationPortrait UIInterfaceOrientationPortraitUpsideDown UIInterfaceOrientationLandscapeLeft UIInterfaceOrientationLandscapeRight";
				INFOPLIST_KEY_UISupportedInterfaceOrientations_iPhone = "UIInterfaceOrientationPortrait UIInterfaceOrientationLandscapeLeft UIInterfaceOrientationLandscapeRight";
				IPHONEOS_DEPLOYMENT_TARGET = 16.0;
				LD_RUNPATH_SEARCH_PATHS = (
					"$(inherited)",
					"@executable_path/Frameworks",
				);
				MARKETING_VERSION = 1.0;
				PRODUCT_BUNDLE_IDENTIFIER = sparshmodi.NewsHub;
				PRODUCT_NAME = "$(TARGET_NAME)";
				SWIFT_EMIT_LOC_STRINGS = YES;
				SWIFT_VERSION = 5.0;
				TARGETED_DEVICE_FAMILY = "1,2";
			};
			name = Debug;
		};
		2583E9DA2BD0ABDD003D8BB3 /* Release */ = {
			isa = XCBuildConfiguration;
			buildSettings = {
				ASSETCATALOG_COMPILER_APPICON_NAME = AppIcon;
				ASSETCATALOG_COMPILER_GLOBAL_ACCENT_COLOR_NAME = AccentColor;
				CODE_SIGN_STYLE = Automatic;
				CURRENT_PROJECT_VERSION = 1;
				DEVELOPMENT_ASSET_PATHS = "\"NewsHub/Preview Content\"";
				DEVELOPMENT_TEAM = 9HMP4WL327;
				ENABLE_PREVIEWS = YES;
				GENERATE_INFOPLIST_FILE = YES;
				INFOPLIST_KEY_LSApplicationCategoryType = "public.app-category.news";
				INFOPLIST_KEY_UIApplicationSceneManifest_Generation = YES;
				INFOPLIST_KEY_UIApplicationSupportsIndirectInputEvents = YES;
				INFOPLIST_KEY_UILaunchScreen_Generation = YES;
				INFOPLIST_KEY_UISupportedInterfaceOrientations_iPad = "UIInterfaceOrientationPortrait UIInterfaceOrientationPortraitUpsideDown UIInterfaceOrientationLandscapeLeft UIInterfaceOrientationLandscapeRight";
				INFOPLIST_KEY_UISupportedInterfaceOrientations_iPhone = "UIInterfaceOrientationPortrait UIInterfaceOrientationLandscapeLeft UIInterfaceOrientationLandscapeRight";
				IPHONEOS_DEPLOYMENT_TARGET = 16.0;
				LD_RUNPATH_SEARCH_PATHS = (
					"$(inherited)",
					"@executable_path/Frameworks",
				);
				MARKETING_VERSION = 1.0;
				PRODUCT_BUNDLE_IDENTIFIER = sparshmodi.NewsHub;
				PRODUCT_NAME = "$(TARGET_NAME)";
				SWIFT_EMIT_LOC_STRINGS = YES;
				SWIFT_VERSION = 5.0;
				TARGETED_DEVICE_FAMILY = "1,2";
			};
			name = Release;
		};
		2583E9DC2BD0ABDD003D8BB3 /* Debug */ = {
			isa = XCBuildConfiguration;
			buildSettings = {
				ALWAYS_EMBED_SWIFT_STANDARD_LIBRARIES = YES;
				BUNDLE_LOADER = "$(TEST_HOST)";
				CODE_SIGN_STYLE = Automatic;
				CURRENT_PROJECT_VERSION = 1;
				DEVELOPMENT_TEAM = 9HMP4WL327;
				GENERATE_INFOPLIST_FILE = YES;
				IPHONEOS_DEPLOYMENT_TARGET = 17.4;
				MARKETING_VERSION = 1.0;
				PRODUCT_BUNDLE_IDENTIFIER = sparshmodi.NewsHubTests;
				PRODUCT_NAME = "$(TARGET_NAME)";
				SWIFT_EMIT_LOC_STRINGS = NO;
				SWIFT_VERSION = 5.0;
				TARGETED_DEVICE_FAMILY = "1,2";
				TEST_HOST = "$(BUILT_PRODUCTS_DIR)/NewsHub.app/$(BUNDLE_EXECUTABLE_FOLDER_PATH)/NewsHub";
			};
			name = Debug;
		};
		2583E9DD2BD0ABDD003D8BB3 /* Release */ = {
			isa = XCBuildConfiguration;
			buildSettings = {
				ALWAYS_EMBED_SWIFT_STANDARD_LIBRARIES = YES;
				BUNDLE_LOADER = "$(TEST_HOST)";
				CODE_SIGN_STYLE = Automatic;
				CURRENT_PROJECT_VERSION = 1;
				DEVELOPMENT_TEAM = 9HMP4WL327;
				GENERATE_INFOPLIST_FILE = YES;
				IPHONEOS_DEPLOYMENT_TARGET = 17.4;
				MARKETING_VERSION = 1.0;
				PRODUCT_BUNDLE_IDENTIFIER = sparshmodi.NewsHubTests;
				PRODUCT_NAME = "$(TARGET_NAME)";
				SWIFT_EMIT_LOC_STRINGS = NO;
				SWIFT_VERSION = 5.0;
				TARGETED_DEVICE_FAMILY = "1,2";
				TEST_HOST = "$(BUILT_PRODUCTS_DIR)/NewsHub.app/$(BUNDLE_EXECUTABLE_FOLDER_PATH)/NewsHub";
			};
			name = Release;
		};
		2583E9DF2BD0ABDD003D8BB3 /* Debug */ = {
			isa = XCBuildConfiguration;
			buildSettings = {
				ALWAYS_EMBED_SWIFT_STANDARD_LIBRARIES = YES;
				CODE_SIGN_STYLE = Automatic;
				CURRENT_PROJECT_VERSION = 1;
				DEVELOPMENT_TEAM = 9HMP4WL327;
				GENERATE_INFOPLIST_FILE = YES;
				MARKETING_VERSION = 1.0;
				PRODUCT_BUNDLE_IDENTIFIER = sparshmodi.NewsHubUITests;
				PRODUCT_NAME = "$(TARGET_NAME)";
				SWIFT_EMIT_LOC_STRINGS = NO;
				SWIFT_VERSION = 5.0;
				TARGETED_DEVICE_FAMILY = "1,2";
				TEST_TARGET_NAME = NewsHub;
			};
			name = Debug;
		};
		2583E9E02BD0ABDD003D8BB3 /* Release */ = {
			isa = XCBuildConfiguration;
			buildSettings = {
				ALWAYS_EMBED_SWIFT_STANDARD_LIBRARIES = YES;
				CODE_SIGN_STYLE = Automatic;
				CURRENT_PROJECT_VERSION = 1;
				DEVELOPMENT_TEAM = 9HMP4WL327;
				GENERATE_INFOPLIST_FILE = YES;
				MARKETING_VERSION = 1.0;
				PRODUCT_BUNDLE_IDENTIFIER = sparshmodi.NewsHubUITests;
				PRODUCT_NAME = "$(TARGET_NAME)";
				SWIFT_EMIT_LOC_STRINGS = NO;
				SWIFT_VERSION = 5.0;
				TARGETED_DEVICE_FAMILY = "1,2";
				TEST_TARGET_NAME = NewsHub;
			};
			name = Release;
		};
/* End XCBuildConfiguration section */

/* Begin XCConfigurationList section */
		2583E9AF2BD0ABDB003D8BB3 /* Build configuration list for PBXProject "NewsHub" */ = {
			isa = XCConfigurationList;
			buildConfigurations = (
				2583E9D62BD0ABDD003D8BB3 /* Debug */,
				2583E9D72BD0ABDD003D8BB3 /* Release */,
			);
			defaultConfigurationIsVisible = 0;
			defaultConfigurationName = Release;
		};
		2583E9D82BD0ABDD003D8BB3 /* Build configuration list for PBXNativeTarget "NewsHub" */ = {
			isa = XCConfigurationList;
			buildConfigurations = (
				2583E9D92BD0ABDD003D8BB3 /* Debug */,
				2583E9DA2BD0ABDD003D8BB3 /* Release */,
			);
			defaultConfigurationIsVisible = 0;
			defaultConfigurationName = Release;
		};
		2583E9DB2BD0ABDD003D8BB3 /* Build configuration list for PBXNativeTarget "NewsHubTests" */ = {
			isa = XCConfigurationList;
			buildConfigurations = (
				2583E9DC2BD0ABDD003D8BB3 /* Debug */,
				2583E9DD2BD0ABDD003D8BB3 /* Release */,
			);
			defaultConfigurationIsVisible = 0;
			defaultConfigurationName = Release;
		};
		2583E9DE2BD0ABDD003D8BB3 /* Build configuration list for PBXNativeTarget "NewsHubUITests" */ = {
			isa = XCConfigurationList;
			buildConfigurations = (
				2583E9DF2BD0ABDD003D8BB3 /* Debug */,
				2583E9E02BD0ABDD003D8BB3 /* Release */,
			);
			defaultConfigurationIsVisible = 0;
			defaultConfigurationName = Release;
		};
/* End XCConfigurationList section */
	};
	rootObject = 2583E9AC2BD0ABDB003D8BB3 /* Project object */;
}
